{
  "name": "ajs2",
  "version": "1.0.0",
  "lockfileVersion": 3,
  "requires": true,
  "packages": {
    "": {
      "name": "ajs2",
      "version": "1.0.0",
      "license": "ISC",
      "dependencies": {
        "@tatianalevoshko/ajs": "^1.0.0"
      }
    },
    "node_modules/@tatianalevoshko/ajs": {
      "version": "1.0.0",
      "resolved": "https://npm.pkg.github.com/download/@tatianalevoshko/ajs/1.0.0/fdb3894768ecd545361a4a030766fcbc9bbfaedf",
      "integrity": "sha512-oiUkIig5phyWeCCB4D9n8mipnCceMv/oT0sqDnFHSeYx6NFpTeW5gsz2lYygIRSFJ0nURDLBkxt59PqR8ZPx2w==",
      "license": "ISC"
    }
  }
}
